
Microsoft Visual Studio Solution File, Format Version 10.00
# Visual Studio 2008
Project("{E24C65DC-7377-472B-9ABA-BC803B73C61A}") = "SLReglasSite", "SLReglasSite\", "{341CE93C-5FAF-42D3-ADC9-C1169EBC30C1}"
	ProjectSection(WebsiteProperties) = preProject
		TargetFramework = "3.5"
		Debug.AspNetCompiler.VirtualPath = "/SLReglasSite"
		Debug.AspNetCompiler.PhysicalPath = "SLReglasSite\"
		Debug.AspNetCompiler.TargetPath = "PrecompiledWeb\SLReglasSite\"
		Debug.AspNetCompiler.Updateable = "true"
		Debug.AspNetCompiler.ForceOverwrite = "true"
		Debug.AspNetCompiler.FixedNames = "false"
		Debug.AspNetCompiler.Debug = "True"
		Release.AspNetCompiler.VirtualPath = "/SLReglasSite"
		Release.AspNetCompiler.PhysicalPath = "SLReglasSite\"
		Release.AspNetCompiler.TargetPath = "PrecompiledWeb\SLReglasSite\"
		Release.AspNetCompiler.Updateable = "true"
		Release.AspNetCompiler.ForceOverwrite = "true"
		Release.AspNetCompiler.FixedNames = "false"
		Release.AspNetCompiler.Debug = "False"
		VWDPort = "1442"
		ProjOutputReferences = "{7dba01cd-6364-45cf-a794-b71b4e2a229b}|ClientBin|false;"
	EndProjectSection
EndProject
Project("{FAE04EC0-301F-11D3-BF4B-00C04F79EFBC}") = "SLReglas", "SLReglas\SLReglas.csproj", "{7DBA01CD-6364-45CF-A794-B71B4E2A229B}"
EndProject
Global
	GlobalSection(SolutionConfigurationPlatforms) = preSolution
		Debug|Any CPU = Debug|Any CPU
		Release|Any CPU = Release|Any CPU
	EndGlobalSection
	GlobalSection(ProjectConfigurationPlatforms) = postSolution
		{341CE93C-5FAF-42D3-ADC9-C1169EBC30C1}.Debug|Any CPU.ActiveCfg = Debug|Any CPU
		{341CE93C-5FAF-42D3-ADC9-C1169EBC30C1}.Debug|Any CPU.Build.0 = Debug|Any CPU
		{341CE93C-5FAF-42D3-ADC9-C1169EBC30C1}.Release|Any CPU.ActiveCfg = Release|Any CPU
		{341CE93C-5FAF-42D3-ADC9-C1169EBC30C1}.Release|Any CPU.Build.0 = Release|Any CPU
		{7DBA01CD-6364-45CF-A794-B71B4E2A229B}.Debug|Any CPU.ActiveCfg = Debug|Any CPU
		{7DBA01CD-6364-45CF-A794-B71B4E2A229B}.Debug|Any CPU.Build.0 = Debug|Any CPU
		{7DBA01CD-6364-45CF-A794-B71B4E2A229B}.Release|Any CPU.ActiveCfg = Release|Any CPU
		{7DBA01CD-6364-45CF-A794-B71B4E2A229B}.Release|Any CPU.Build.0 = Release|Any CPU
	EndGlobalSection
	GlobalSection(SolutionProperties) = preSolution
		HideSolutionNode = FALSE
	EndGlobalSection
EndGlobal
